
Microsoft Visual Studio Solution File, Format Version 12.00
# Visual Studio Version 17
VisualStudioVersion = 17.11.35327.3
MinimumVisualStudioVersion = 10.0.40219.1
Project("{FAE04EC0-301F-11D3-BF4B-00C04F79EFBC}") = "NewC_5_4", "NewC_5_4.csproj", "{27A013A9-FAC3-43A5-BF69-C50F030DFD93}"
EndProject
Global
	GlobalSection(SolutionConfigurationPlatforms) = preSolution
		Debug|Any CPU = Debug|Any CPU
		Release|Any CPU = Release|Any CPU
	EndGlobalSection
	GlobalSection(ProjectConfigurationPlatforms) = postSolution
		{27A013A9-FAC3-43A5-BF69-C50F030DFD93}.Debug|Any CPU.ActiveCfg = Debug|Any CPU
		{27A013A9-FAC3-43A5-BF69-C50F030DFD93}.Debug|Any CPU.Build.0 = Debug|Any CPU
		{27A013A9-FAC3-43A5-BF69-C50F030DFD93}.Release|Any CPU.ActiveCfg = Release|Any CPU
		{27A013A9-FAC3-43A5-BF69-C50F030DFD93}.Release|Any CPU.Build.0 = Release|Any CPU
	EndGlobalSection
	GlobalSection(SolutionProperties) = preSolution
		HideSolutionNode = FALSE
	EndGlobalSection
	GlobalSection(ExtensibilityGlobals) = postSolution
		SolutionGuid = {96F2A86F-FCAF-4CE3-9BF2-075664D3F799}
	EndGlobalSection
EndGlobal
